{
  "version": 1,
  "dependencies": {
    "net10.0": {
      "CliWrap": {
        "type": "Direct",
        "requested": "[3.10.0, )",
        "resolved": "3.10.0",
        "contentHash": "Igph39WNImUFqQrpTeBDPafcCnM1u/8IooZHqMRF/5JdV5H78p+AbZkeYY1Nkz1WlbI/Gt2Hq/3rYh55jxRF9Q=="
      },
      "JetBrains.Annotations": {
        "type": "Direct",
        "requested": "[2025.2.4, )",
        "resolved": "2025.2.4",
        "contentHash": "TwbgxAkXxY+vNEhNVx/QXjJ4vqxmepOjsgRvvImQPbHkHMMb4W+ahL3laMsxXKtNT7iMy+E1B3xkqao2hf1n3A=="
      },
      "Spectre.Console": {
        "type": "Direct",
        "requested": "[0.54.0, )",
        "resolved": "0.54.0",
        "contentHash": "StDXCFayfy0yB1xzUHT2tgEpV1/HFTiS4JgsAQS49EYTfMixSwwucaQs/bIOCwXjWwIQTMuxjUIxcB5XsJkFJA=="
      },
      "Spectre.Console.Cli": {
        "type": "Direct",
        "requested": "[0.53.1, )",
        "resolved": "0.53.1",
        "contentHash": "y//7ZZ0shhvgXzoJXJzMaLGA4dPem8qCbkyv9khfE8NQDlH4hPVsHOHYoz6uzAwiTX9Yd7OnX3wNOX/wRfPUOg==",
        "dependencies": {
          "Spectre.Console": "0.53.1"
        }
      }
    }
  }
}